<Solution>
  <Folder Name="/Libraries/">
    <Project Path="Libraries/SPTushonka.Common/SPTushonka.Common.csproj" />
    <Project Path="Libraries/SPTushonka.DI/SPTushonka.DI.csproj" />
    <Project Path="Libraries/SPTushonka.Reflection/SPTushonka.Reflection.csproj" />
    <Project Path="Libraries/SPTushonka.Server.Assets/SPTushonka.Server.Assets.csproj" />
    <Project Path="Libraries/SPTushonka.Server.Core/SPTushonka.Server.Core.csproj">
      <BuildDependency Project="Patches/Ceciler.JsonExtensionData/Ceciler.JsonExtensionData.csproj" />
    </Project>
    <Project Path="Libraries/SPTushonka.Server.Web/SPTushonka.Server.Web.csproj" />
  </Folder>
  <Folder Name="/Patches/">
    <Project Path="Patches/Ceciler.JsonExtensionData/Ceciler.JsonExtensionData.csproj" />
  </Folder>
  <Folder Name="/Testing/">
    <Project Path="Testing/TestMod/TestMod.csproj" />
    <Project Path="Testing/TestMod2/TestMod2.csproj" />
    <Project Path="Testing/UnitTests/UnitTests.csproj" />
  </Folder>
  <Folder Name="/Tools/">
    <Project Path="Tools/Ceciler/Ceciler.csproj" />
    <Project Path="Tools/HideoutCraftQuestIdGenerator/HideoutCraftQuestIdGenerator.csproj" />
    <Project Path="Tools/JsonExtensionDataGenerator/JsonExtensionDataGenerator.csproj" />
    <Project Path="Tools/MongoIdTplGenerator/MongoIdTplGenerator.csproj" />
  </Folder>
  <Project Path="SPTushonka.Server/SPTushonka.Server.csproj" />
</Solution>
